
Microsoft Visual Studio Solution File, Format Version 12.00
# Visual Studio Version 17
VisualStudioVersion = 17.3.32929.385
MinimumVisualStudioVersion = 10.0.40219.1
Project("{FAE04EC0-301F-11D3-BF4B-00C04F79EFBC}") = "TariffComparison", "TariffComparison.csproj", "{93406375-C6B4-4F3A-A284-A3AE5F9FA030}"
EndProject
Global
	GlobalSection(SolutionConfigurationPlatforms) = preSolution
		Debug|Any CPU = Debug|Any CPU
		Release|Any CPU = Release|Any CPU
	EndGlobalSection
	GlobalSection(ProjectConfigurationPlatforms) = postSolution
		{93406375-C6B4-4F3A-A284-A3AE5F9FA030}.Debug|Any CPU.ActiveCfg = Debug|Any CPU
		{93406375-C6B4-4F3A-A284-A3AE5F9FA030}.Debug|Any CPU.Build.0 = Debug|Any CPU
		{93406375-C6B4-4F3A-A284-A3AE5F9FA030}.Release|Any CPU.ActiveCfg = Release|Any CPU
		{93406375-C6B4-4F3A-A284-A3AE5F9FA030}.Release|Any CPU.Build.0 = Release|Any CPU
	EndGlobalSection
	GlobalSection(SolutionProperties) = preSolution
		HideSolutionNode = FALSE
	EndGlobalSection
	GlobalSection(ExtensibilityGlobals) = postSolution
		SolutionGuid = {FA3EC89A-3269-4513-9D1D-C5C08F6A9387}
	EndGlobalSection
EndGlobal
